
Microsoft Visual Studio Solution File, Format Version 12.00
# Visual Studio Version 16
VisualStudioVersion = 16.0.30717.126
MinimumVisualStudioVersion = 10.0.40219.1
Project("{FAE04EC0-301F-11D3-BF4B-00C04F79EFBC}") = "Create_SVG", "Create_SVG.csproj", "{10035A1A-FE4F-4E3B-B806-A5A8077E1964}"
EndProject
Global
	GlobalSection(SolutionConfigurationPlatforms) = preSolution
		Debug|Any CPU = Debug|Any CPU
		Release|Any CPU = Release|Any CPU
	EndGlobalSection
	GlobalSection(ProjectConfigurationPlatforms) = postSolution
		{10035A1A-FE4F-4E3B-B806-A5A8077E1964}.Debug|Any CPU.ActiveCfg = Debug|Any CPU
		{10035A1A-FE4F-4E3B-B806-A5A8077E1964}.Debug|Any CPU.Build.0 = Debug|Any CPU
		{10035A1A-FE4F-4E3B-B806-A5A8077E1964}.Release|Any CPU.ActiveCfg = Release|Any CPU
		{10035A1A-FE4F-4E3B-B806-A5A8077E1964}.Release|Any CPU.Build.0 = Release|Any CPU
	EndGlobalSection
	GlobalSection(SolutionProperties) = preSolution
		HideSolutionNode = FALSE
	EndGlobalSection
	GlobalSection(ExtensibilityGlobals) = postSolution
		SolutionGuid = {5867A571-00C2-4F71-9FAB-7418F7292536}
	EndGlobalSection
EndGlobal
